// !$*UTF8*$!
{
	archiveVersion = 1;
	classes = {
	};
	objectVersion = 51;
	objects = {

/* Begin PBXBuildFile section */
		3429800B0817096EE17F3E03 /* Pods_HearMee_HearMeeUITests.framework in Frameworks */ = {isa = PBXBuildFile; fileRef = 432B648946E385AC0FDF7194 /* Pods_HearMee_HearMeeUITests.framework */; };
		7196BC2226A0C58C00C600FD /* ChatViewController.m in Sources */ = {isa = PBXBuildFile; fileRef = 7196BC2126A0C58C00C600FD /* ChatViewController.m */; };
		7196BC2B26A5D9A500C600FD /* ChatCell.m in Sources */ = {isa = PBXBuildFile; fileRef = 7196BC2A26A5D9A500C600FD /* ChatCell.m */; };
		7196BC3226A6364200C600FD /* ChatMessage.m in Sources */ = {isa = PBXBuildFile; fileRef = 7196BC3126A6364200C600FD /* ChatMessage.m */; };
		7196BC3526A756AC00C600FD /* Channels.m in Sources */ = {isa = PBXBuildFile; fileRef = 7196BC3426A756AC00C600FD /* Channels.m */; };
		7196BC3826A75AB700C600FD /* ChannelsViewController.m in Sources */ = {isa = PBXBuildFile; fileRef = 7196BC3726A75AB700C600FD /* ChannelsViewController.m */; };
		7196BC3B26A75B0000C600FD /* ChannelsCell.m in Sources */ = {isa = PBXBuildFile; fileRef = 7196BC3A26A75B0000C600FD /* ChannelsCell.m */; };
		7196BC3F26A8E43700C600FD /* APIManager.m in Sources */ = {isa = PBXBuildFile; fileRef = 7196BC3E26A8E43700C600FD /* APIManager.m */; };
		7196BC4A26A8E91C00C600FD /* UIImage+Extension.m in Sources */ = {isa = PBXBuildFile; fileRef = 7196BC4926A8E91C00C600FD /* UIImage+Extension.m */; };
		71AFC3D426A086DD006C4872 /* DetailsViewController.m in Sources */ = {isa = PBXBuildFile; fileRef = 71AFC3D326A086DD006C4872 /* DetailsViewController.m */; };
		71CD70CA269D135100F1C990 /* AVFoundation.framework in Frameworks */ = {isa = PBXBuildFile; fileRef = 71CD70C9269D135100F1C990 /* AVFoundation.framework */; };
		71CD70CD269DE6BE00F1C990 /* RecordViewController.m in Sources */ = {isa = PBXBuildFile; fileRef = 71CD70CC269DE6BE00F1C990 /* RecordViewController.m */; };
		71CD70D0269E034300F1C990 /* Post.m in Sources */ = {isa = PBXBuildFile; fileRef = 71CD70CF269E034300F1C990 /* Post.m */; };
		71CD70D3269F39B900F1C990 /* PostCell.m in Sources */ = {isa = PBXBuildFile; fileRef = 71CD70D2269F39B900F1C990 /* PostCell.m */; };
		71CD70D6269FCD8B00F1C990 /* PostCollectionCell.m in Sources */ = {isa = PBXBuildFile; fileRef = 71CD70D5269FCD8B00F1C990 /* PostCollectionCell.m */; };
		71CD70DC269FCE6E00F1C990 /* ProfileViewController.m in Sources */ = {isa = PBXBuildFile; fileRef = 71CD70DB269FCE6E00F1C990 /* ProfileViewController.m */; };
		71CD70DF269FCE8800F1C990 /* EditProfileViewController.m in Sources */ = {isa = PBXBuildFile; fileRef = 71CD70DE269FCE8800F1C990 /* EditProfileViewController.m */; };
		71D27482269CA2C90063780C /* AppDelegate.m in Sources */ = {isa = PBXBuildFile; fileRef = 71D27481269CA2C90063780C /* AppDelegate.m */; };
		71D27485269CA2C90063780C /* SceneDelegate.m in Sources */ = {isa = PBXBuildFile; fileRef = 71D27484269CA2C90063780C /* SceneDelegate.m */; };
		71D2748B269CA2C90063780C /* Main.storyboard in Resources */ = {isa = PBXBuildFile; fileRef = 71D27489269CA2C90063780C /* Main.storyboard */; };
		71D2748D269CA2CA0063780C /* Assets.xcassets in Resources */ = {isa = PBXBuildFile; fileRef = 71D2748C269CA2CA0063780C /* Assets.xcassets */; };
		71D27490269CA2CA0063780C /* LaunchScreen.storyboard in Resources */ = {isa = PBXBuildFile; fileRef = 71D2748E269CA2CA0063780C /* LaunchScreen.storyboard */; };
		71D27493269CA2CA0063780C /* main.m in Sources */ = {isa = PBXBuildFile; fileRef = 71D27492269CA2CA0063780C /* main.m */; };
		71D2749D269CA2CA0063780C /* HearMeeTests.m in Sources */ = {isa = PBXBuildFile; fileRef = 71D2749C269CA2CA0063780C /* HearMeeTests.m */; };
		71D274A8269CA2CA0063780C /* HearMeeUITests.m in Sources */ = {isa = PBXBuildFile; fileRef = 71D274A7269CA2CA0063780C /* HearMeeUITests.m */; };
		71D274BA269CBE080063780C /* LoginViewController.m in Sources */ = {isa = PBXBuildFile; fileRef = 71D274B9269CBE080063780C /* LoginViewController.m */; };
		71F73762269CC13500C25ED3 /* Keys.plist in Resources */ = {isa = PBXBuildFile; fileRef = 71F73761269CC13500C25ED3 /* Keys.plist */; };
		71F73765269CE3B200C25ED3 /* FeedViewController.m in Sources */ = {isa = PBXBuildFile; fileRef = 71F73764269CE3B200C25ED3 /* FeedViewController.m */; };
		750E133AE38E65DD29EC4BD5 /* Pods_HearMeeTests.framework in Frameworks */ = {isa = PBXBuildFile; fileRef = E053D249A39C0FB713E5B0DC /* Pods_HearMeeTests.framework */; };
		E836358D68FE143A53AB702D /* Pods_HearMee.framework in Frameworks */ = {isa = PBXBuildFile; fileRef = FD2DA784993E191BA1B52E43 /* Pods_HearMee.framework */; };
/* End PBXBuildFile section */

/* Begin PBXContainerItemProxy section */
		71D27499269CA2CA0063780C /* PBXContainerItemProxy */ = {
			isa = PBXContainerItemProxy;
			containerPortal = 71D27475269CA2C90063780C /* Project object */;
			proxyType = 1;
			remoteGlobalIDString = 71D2747C269CA2C90063780C;
			remoteInfo = HearMee;
		};
		71D274A4269CA2CA0063780C /* PBXContainerItemProxy */ = {
			isa = PBXContainerItemProxy;
			containerPortal = 71D27475269CA2C90063780C /* Project object */;
			proxyType = 1;
			remoteGlobalIDString = 71D2747C269CA2C90063780C;
			remoteInfo = HearMee;
		};
/* End PBXContainerItemProxy section */

/* Begin PBXFileReference section */
		432B648946E385AC0FDF7194 /* Pods_HearMee_HearMeeUITests.framework */ = {isa = PBXFileReference; explicitFileType = wrapper.framework; includeInIndex = 0; path = Pods_HearMee_HearMeeUITests.framework; sourceTree = BUILT_PRODUCTS_DIR; };
		49C94BCF573F200948C86AE7 /* Pods-HearMee.release.xcconfig */ = {isa = PBXFileReference; includeInIndex = 1; lastKnownFileType = text.xcconfig; name = "Pods-HearMee.release.xcconfig"; path = "Target Support Files/Pods-HearMee/Pods-HearMee.release.xcconfig"; sourceTree = "<group>"; };
		5D3BAE91A79BD2BB8A873F25 /* Pods-HearMeeTests.debug.xcconfig */ = {isa = PBXFileReference; includeInIndex = 1; lastKnownFileType = text.xcconfig; name = "Pods-HearMeeTests.debug.xcconfig"; path = "Target Support Files/Pods-HearMeeTests/Pods-HearMeeTests.debug.xcconfig"; sourceTree = "<group>"; };
		7196BC2026A0C58C00C600FD /* ChatViewController.h */ = {isa = PBXFileReference; lastKnownFileType = sourcecode.c.h; path = ChatViewController.h; sourceTree = "<group>"; };
		7196BC2126A0C58C00C600FD /* ChatViewController.m */ = {isa = PBXFileReference; lastKnownFileType = sourcecode.c.objc; path = ChatViewController.m; sourceTree = "<group>"; };
		7196BC2926A5D9A500C600FD /* ChatCell.h */ = {isa = PBXFileReference; lastKnownFileType = sourcecode.c.h; path = ChatCell.h; sourceTree = "<group>"; };
		7196BC2A26A5D9A500C600FD /* ChatCell.m */ = {isa = PBXFileReference; lastKnownFileType = sourcecode.c.objc; path = ChatCell.m; sourceTree = "<group>"; };
		7196BC3026A6364200C600FD /* ChatMessage.h */ = {isa = PBXFileReference; lastKnownFileType = sourcecode.c.h; path = ChatMessage.h; sourceTree = "<group>"; };
		7196BC3126A6364200C600FD /* ChatMessage.m */ = {isa = PBXFileReference; lastKnownFileType = sourcecode.c.objc; path = ChatMessage.m; sourceTree = "<group>"; };
		7196BC3326A756AC00C600FD /* Channels.h */ = {isa = PBXFileReference; lastKnownFileType = sourcecode.c.h; path = Channels.h; sourceTree = "<group>"; };
		7196BC3426A756AC00C600FD /* Channels.m */ = {isa = PBXFileReference; lastKnownFileType = sourcecode.c.objc; path = Channels.m; sourceTree = "<group>"; };
		7196BC3626A75AB700C600FD /* ChannelsViewController.h */ = {isa = PBXFileReference; lastKnownFileType = sourcecode.c.h; path = ChannelsViewController.h; sourceTree = "<group>"; };
		7196BC3726A75AB700C600FD /* ChannelsViewController.m */ = {isa = PBXFileReference; lastKnownFileType = sourcecode.c.objc; path = ChannelsViewController.m; sourceTree = "<group>"; };
		7196BC3926A75B0000C600FD /* ChannelsCell.h */ = {isa = PBXFileReference; lastKnownFileType = sourcecode.c.h; path = ChannelsCell.h; sourceTree = "<group>"; };
		7196BC3A26A75B0000C600FD /* ChannelsCell.m */ = {isa = PBXFileReference; lastKnownFileType = sourcecode.c.objc; path = ChannelsCell.m; sourceTree = "<group>"; };
		7196BC3D26A8E43700C600FD /* APIManager.h */ = {isa = PBXFileReference; lastKnownFileType = sourcecode.c.h; path = APIManager.h; sourceTree = "<group>"; };
		7196BC3E26A8E43700C600FD /* APIManager.m */ = {isa = PBXFileReference; lastKnownFileType = sourcecode.c.objc; path = APIManager.m; sourceTree = "<group>"; };
		7196BC4826A8E91C00C600FD /* UIImage+Extension.h */ = {isa = PBXFileReference; lastKnownFileType = sourcecode.c.h; path = "UIImage+Extension.h"; sourceTree = "<group>"; };
		7196BC4926A8E91C00C600FD /* UIImage+Extension.m */ = {isa = PBXFileReference; lastKnownFileType = sourcecode.c.objc; path = "UIImage+Extension.m"; sourceTree = "<group>"; };
		71AFC3D226A086DD006C4872 /* DetailsViewController.h */ = {isa = PBXFileReference; lastKnownFileType = sourcecode.c.h; path = DetailsViewController.h; sourceTree = "<group>"; };
		71AFC3D326A086DD006C4872 /* DetailsViewController.m */ = {isa = PBXFileReference; lastKnownFileType = sourcecode.c.objc; path = DetailsViewController.m; sourceTree = "<group>"; };
		71CD70C7269D110F00F1C990 /* AVFAudio.framework */ = {isa = PBXFileReference; lastKnownFileType = wrapper.framework; name = AVFAudio.framework; path = System/Library/Frameworks/AVFAudio.framework; sourceTree = SDKROOT; };
		71CD70C9269D135100F1C990 /* AVFoundation.framework */ = {isa = PBXFileReference; lastKnownFileType = wrapper.framework; name = AVFoundation.framework; path = System/Library/Frameworks/AVFoundation.framework; sourceTree = SDKROOT; };
		71CD70CB269DE6BE00F1C990 /* RecordViewController.h */ = {isa = PBXFileReference; lastKnownFileType = sourcecode.c.h; path = RecordViewController.h; sourceTree = "<group>"; };
		71CD70CC269DE6BE00F1C990 /* RecordViewController.m */ = {isa = PBXFileReference; lastKnownFileType = sourcecode.c.objc; path = RecordViewController.m; sourceTree = "<group>"; };
		71CD70CE269E034300F1C990 /* Post.h */ = {isa = PBXFileReference; lastKnownFileType = sourcecode.c.h; path = Post.h; sourceTree = "<group>"; };
		71CD70CF269E034300F1C990 /* Post.m */ = {isa = PBXFileReference; lastKnownFileType = sourcecode.c.objc; path = Post.m; sourceTree = "<group>"; };
		71CD70D1269F39B900F1C990 /* PostCell.h */ = {isa = PBXFileReference; lastKnownFileType = sourcecode.c.h; path = PostCell.h; sourceTree = "<group>"; };
		71CD70D2269F39B900F1C990 /* PostCell.m */ = {isa = PBXFileReference; lastKnownFileType = sourcecode.c.objc; path = PostCell.m; sourceTree = "<group>"; };
		71CD70D4269FCD8B00F1C990 /* PostCollectionCell.h */ = {isa = PBXFileReference; lastKnownFileType = sourcecode.c.h; path = PostCollectionCell.h; sourceTree = "<group>"; };
		71CD70D5269FCD8B00F1C990 /* PostCollectionCell.m */ = {isa = PBXFileReference; lastKnownFileType = sourcecode.c.objc; path = PostCollectionCell.m; sourceTree = "<group>"; };
		71CD70DA269FCE6E00F1C990 /* ProfileViewController.h */ = {isa = PBXFileReference; lastKnownFileType = sourcecode.c.h; path = ProfileViewController.h; sourceTree = "<group>"; };
		71CD70DB269FCE6E00F1C990 /* ProfileViewController.m */ = {isa = PBXFileReference; lastKnownFileType = sourcecode.c.objc; path = ProfileViewController.m; sourceTree = "<group>"; };
		71CD70DD269FCE8800F1C990 /* EditProfileViewController.h */ = {isa = PBXFileReference; lastKnownFileType = sourcecode.c.h; path = EditProfileViewController.h; sourceTree = "<group>"; };
		71CD70DE269FCE8800F1C990 /* EditProfileViewController.m */ = {isa = PBXFileReference; lastKnownFileType = sourcecode.c.objc; path = EditProfileViewController.m; sourceTree = "<group>"; };
		71D2747D269CA2C90063780C /* HearMee.app */ = {isa = PBXFileReference; explicitFileType = wrapper.application; includeInIndex = 0; path = HearMee.app; sourceTree = BUILT_PRODUCTS_DIR; };
		71D27480269CA2C90063780C /* AppDelegate.h */ = {isa = PBXFileReference; lastKnownFileType = sourcecode.c.h; path = AppDelegate.h; sourceTree = "<group>"; };
		71D27481269CA2C90063780C /* AppDelegate.m */ = {isa = PBXFileReference; lastKnownFileType = sourcecode.c.objc; path = AppDelegate.m; sourceTree = "<group>"; };
		71D27483269CA2C90063780C /* SceneDelegate.h */ = {isa = PBXFileReference; lastKnownFileType = sourcecode.c.h; path = SceneDelegate.h; sourceTree = "<group>"; };
		71D27484269CA2C90063780C /* SceneDelegate.m */ = {isa = PBXFileReference; lastKnownFileType = sourcecode.c.objc; path = SceneDelegate.m; sourceTree = "<group>"; };
		71D2748A269CA2C90063780C /* Base */ = {isa = PBXFileReference; lastKnownFileType = file.storyboard; name = Base; path = Base.lproj/Main.storyboard; sourceTree = "<group>"; };
		71D2748C269CA2CA0063780C /* Assets.xcassets */ = {isa = PBXFileReference; lastKnownFileType = folder.assetcatalog; path = Assets.xcassets; sourceTree = "<group>"; };
		71D2748F269CA2CA0063780C /* Base */ = {isa = PBXFileReference; lastKnownFileType = file.storyboard; name = Base; path = Base.lproj/LaunchScreen.storyboard; sourceTree = "<group>"; };
		71D27491269CA2CA0063780C /* Info.plist */ = {isa = PBXFileReference; lastKnownFileType = text.plist.xml; path = Info.plist; sourceTree = "<group>"; };
		71D27492269CA2CA0063780C /* main.m */ = {isa = PBXFileReference; lastKnownFileType = sourcecode.c.objc; path = main.m; sourceTree = "<group>"; };
		71D27498269CA2CA0063780C /* HearMeeTests.xctest */ = {isa = PBXFileReference; explicitFileType = wrapper.cfbundle; includeInIndex = 0; path = HearMeeTests.xctest; sourceTree = BUILT_PRODUCTS_DIR; };
		71D2749C269CA2CA0063780C /* HearMeeTests.m */ = {isa = PBXFileReference; lastKnownFileType = sourcecode.c.objc; path = HearMeeTests.m; sourceTree = "<group>"; };
		71D2749E269CA2CA0063780C /* Info.plist */ = {isa = PBXFileReference; lastKnownFileType = text.plist.xml; path = Info.plist; sourceTree = "<group>"; };
		71D274A3269CA2CA0063780C /* HearMeeUITests.xctest */ = {isa = PBXFileReference; explicitFileType = wrapper.cfbundle; includeInIndex = 0; path = HearMeeUITests.xctest; sourceTree = BUILT_PRODUCTS_DIR; };
		71D274A7269CA2CA0063780C /* HearMeeUITests.m */ = {isa = PBXFileReference; lastKnownFileType = sourcecode.c.objc; path = HearMeeUITests.m; sourceTree = "<group>"; };
		71D274A9269CA2CA0063780C /* Info.plist */ = {isa = PBXFileReference; lastKnownFileType = text.plist.xml; path = Info.plist; sourceTree = "<group>"; };
		71D274B8269CBE080063780C /* LoginViewController.h */ = {isa = PBXFileReference; lastKnownFileType = sourcecode.c.h; path = LoginViewController.h; sourceTree = "<group>"; };
		71D274B9269CBE080063780C /* LoginViewController.m */ = {isa = PBXFileReference; lastKnownFileType = sourcecode.c.objc; path = LoginViewController.m; sourceTree = "<group>"; };
		71F73761269CC13500C25ED3 /* Keys.plist */ = {isa = PBXFileReference; lastKnownFileType = text.plist.xml; path = Keys.plist; sourceTree = "<group>"; };
		71F73763269CE3B200C25ED3 /* FeedViewController.h */ = {isa = PBXFileReference; lastKnownFileType = sourcecode.c.h; path = FeedViewController.h; sourceTree = "<group>"; };
		71F73764269CE3B200C25ED3 /* FeedViewController.m */ = {isa = PBXFileReference; lastKnownFileType = sourcecode.c.objc; path = FeedViewController.m; sourceTree = "<group>"; };
		8B5148E081BC362770E1C200 /* Pods-HearMeeTests.release.xcconfig */ = {isa = PBXFileReference; includeInIndex = 1; lastKnownFileType = text.xcconfig; name = "Pods-HearMeeTests.release.xcconfig"; path = "Target Support Files/Pods-HearMeeTests/Pods-HearMeeTests.release.xcconfig"; sourceTree = "<group>"; };
		B34B5FB92E36B85CC874C5F8 /* Pods-HearMee-HearMeeUITests.debug.xcconfig */ = {isa = PBXFileReference; includeInIndex = 1; lastKnownFileType = text.xcconfig; name = "Pods-HearMee-HearMeeUITests.debug.xcconfig"; path = "Target Support Files/Pods-HearMee-HearMeeUITests/Pods-HearMee-HearMeeUITests.debug.xcconfig"; sourceTree = "<group>"; };
		CD0B26360546ACFE699F2A5A /* Pods-HearMee.debug.xcconfig */ = {isa = PBXFileReference; includeInIndex = 1; lastKnownFileType = text.xcconfig; name = "Pods-HearMee.debug.xcconfig"; path = "Target Support Files/Pods-HearMee/Pods-HearMee.debug.xcconfig"; sourceTree = "<group>"; };
		D8996E28F8B9C2B3CEE9C32B /* Pods-HearMee-HearMeeUITests.release.xcconfig */ = {isa = PBXFileReference; includeInIndex = 1; lastKnownFileType = text.xcconfig; name = "Pods-HearMee-HearMeeUITests.release.xcconfig"; path = "Target Support Files/Pods-HearMee-HearMeeUITests/Pods-HearMee-HearMeeUITests.release.xcconfig"; sourceTree = "<group>"; };
		E053D249A39C0FB713E5B0DC /* Pods_HearMeeTests.framework */ = {isa = PBXFileReference; explicitFileType = wrapper.framework; includeInIndex = 0; path = Pods_HearMeeTests.framework; sourceTree = BUILT_PRODUCTS_DIR; };
		FD2DA784993E191BA1B52E43 /* Pods_HearMee.framework */ = {isa = PBXFileReference; explicitFileType = wrapper.framework; includeInIndex = 0; path = Pods_HearMee.framework; sourceTree = BUILT_PRODUCTS_DIR; };
/* End PBXFileReference section */

/* Begin PBXFrameworksBuildPhase section */
		71D2747A269CA2C90063780C /* Frameworks */ = {
			isa = PBXFrameworksBuildPhase;
			buildActionMask = 2147483647;
			files = (
				71CD70CA269D135100F1C990 /* AVFoundation.framework in Frameworks */,
				E836358D68FE143A53AB702D /* Pods_HearMee.framework in Frameworks */,
			);
			runOnlyForDeploymentPostprocessing = 0;
		};
		71D27495269CA2CA0063780C /* Frameworks */ = {
			isa = PBXFrameworksBuildPhase;
			buildActionMask = 2147483647;
			files = (
				750E133AE38E65DD29EC4BD5 /* Pods_HearMeeTests.framework in Frameworks */,
			);
			runOnlyForDeploymentPostprocessing = 0;
		};
		71D274A0269CA2CA0063780C /* Frameworks */ = {
			isa = PBXFrameworksBuildPhase;
			buildActionMask = 2147483647;
			files = (
				3429800B0817096EE17F3E03 /* Pods_HearMee_HearMeeUITests.framework in Frameworks */,
			);
			runOnlyForDeploymentPostprocessing = 0;
		};
/* End PBXFrameworksBuildPhase section */

/* Begin PBXGroup section */
		7196BC3C26A8E36D00C600FD /* API */ = {
			isa = PBXGroup;
			children = (
				7196BC3D26A8E43700C600FD /* APIManager.h */,
				7196BC3E26A8E43700C600FD /* APIManager.m */,
			);
			path = API;
			sourceTree = "<group>";
		};
		7196BC4026A8E4D900C600FD /* extensions */ = {
			isa = PBXGroup;
			children = (
				7196BC4826A8E91C00C600FD /* UIImage+Extension.h */,
				7196BC4926A8E91C00C600FD /* UIImage+Extension.m */,
			);
			path = extensions;
			sourceTree = "<group>";
		};
		71D27474269CA2C90063780C = {
			isa = PBXGroup;
			children = (
				71D2747F269CA2C90063780C /* HearMee */,
				71D2749B269CA2CA0063780C /* HearMeeTests */,
				71D274A6269CA2CA0063780C /* HearMeeUITests */,
				71D2747E269CA2C90063780C /* Products */,
				E093352197449BE9CFC965CC /* Pods */,
				77EA28186A6149B2DAAD5082 /* Frameworks */,
			);
			sourceTree = "<group>";
		};
		71D2747E269CA2C90063780C /* Products */ = {
			isa = PBXGroup;
			children = (
				71D2747D269CA2C90063780C /* HearMee.app */,
				71D27498269CA2CA0063780C /* HearMeeTests.xctest */,
				71D274A3269CA2CA0063780C /* HearMeeUITests.xctest */,
			);
			name = Products;
			sourceTree = "<group>";
		};
		71D2747F269CA2C90063780C /* HearMee */ = {
			isa = PBXGroup;
			children = (
				7196BC4026A8E4D900C600FD /* extensions */,
				7196BC3C26A8E36D00C600FD /* API */,
				71D274B7269CBD560063780C /* Models */,
				71D274B6269CBD4D0063780C /* Views */,
				71D274B5269CBD3F0063780C /* View Controllers */,
				71D27480269CA2C90063780C /* AppDelegate.h */,
				71D27481269CA2C90063780C /* AppDelegate.m */,
				71D27483269CA2C90063780C /* SceneDelegate.h */,
				71D27484269CA2C90063780C /* SceneDelegate.m */,
				71D27489269CA2C90063780C /* Main.storyboard */,
				71D2748C269CA2CA0063780C /* Assets.xcassets */,
				71D2748E269CA2CA0063780C /* LaunchScreen.storyboard */,
				71D27491269CA2CA0063780C /* Info.plist */,
				71D27492269CA2CA0063780C /* main.m */,
				71F73761269CC13500C25ED3 /* Keys.plist */,
			);
			path = HearMee;
			sourceTree = "<group>";
		};
		71D2749B269CA2CA0063780C /* HearMeeTests */ = {
			isa = PBXGroup;
			children = (
				71D2749C269CA2CA0063780C /* HearMeeTests.m */,
				71D2749E269CA2CA0063780C /* Info.plist */,
			);
			path = HearMeeTests;
			sourceTree = "<group>";
		};
		71D274A6269CA2CA0063780C /* HearMeeUITests */ = {
			isa = PBXGroup;
			children = (
				71D274A7269CA2CA0063780C /* HearMeeUITests.m */,
				71D274A9269CA2CA0063780C /* Info.plist */,
			);
			path = HearMeeUITests;
			sourceTree = "<group>";
		};
		71D274B5269CBD3F0063780C /* View Controllers */ = {
			isa = PBXGroup;
			children = (
				71D274B8269CBE080063780C /* LoginViewController.h */,
				71D274B9269CBE080063780C /* LoginViewController.m */,
				71F73763269CE3B200C25ED3 /* FeedViewController.h */,
				71F73764269CE3B200C25ED3 /* FeedViewController.m */,
				71CD70CB269DE6BE00F1C990 /* RecordViewController.h */,
				71CD70CC269DE6BE00F1C990 /* RecordViewController.m */,
				71CD70DA269FCE6E00F1C990 /* ProfileViewController.h */,
				71CD70DB269FCE6E00F1C990 /* ProfileViewController.m */,
				71CD70DD269FCE8800F1C990 /* EditProfileViewController.h */,
				71CD70DE269FCE8800F1C990 /* EditProfileViewController.m */,
				71AFC3D226A086DD006C4872 /* DetailsViewController.h */,
				71AFC3D326A086DD006C4872 /* DetailsViewController.m */,
				7196BC2026A0C58C00C600FD /* ChatViewController.h */,
				7196BC2126A0C58C00C600FD /* ChatViewController.m */,
				7196BC3626A75AB700C600FD /* ChannelsViewController.h */,
				7196BC3726A75AB700C600FD /* ChannelsViewController.m */,
			);
			path = "View Controllers";
			sourceTree = "<group>";
		};
		71D274B6269CBD4D0063780C /* Views */ = {
			isa = PBXGroup;
			children = (
				71CD70D1269F39B900F1C990 /* PostCell.h */,
				71CD70D2269F39B900F1C990 /* PostCell.m */,
				71CD70D4269FCD8B00F1C990 /* PostCollectionCell.h */,
				71CD70D5269FCD8B00F1C990 /* PostCollectionCell.m */,
				7196BC2926A5D9A500C600FD /* ChatCell.h */,
				7196BC2A26A5D9A500C600FD /* ChatCell.m */,
				7196BC3926A75B0000C600FD /* ChannelsCell.h */,
				7196BC3A26A75B0000C600FD /* ChannelsCell.m */,
			);
			path = Views;
			sourceTree = "<group>";
		};
		71D274B7269CBD560063780C /* Models */ = {
			isa = PBXGroup;
			children = (
				71CD70CE269E034300F1C990 /* Post.h */,
				71CD70CF269E034300F1C990 /* Post.m */,
				7196BC3026A6364200C600FD /* ChatMessage.h */,
				7196BC3126A6364200C600FD /* ChatMessage.m */,
				7196BC3326A756AC00C600FD /* Channels.h */,
				7196BC3426A756AC00C600FD /* Channels.m */,
			);
			path = Models;
			sourceTree = "<group>";
		};
		77EA28186A6149B2DAAD5082 /* Frameworks */ = {
			isa = PBXGroup;
			children = (
				71CD70C9269D135100F1C990 /* AVFoundation.framework */,
				71CD70C7269D110F00F1C990 /* AVFAudio.framework */,
				FD2DA784993E191BA1B52E43 /* Pods_HearMee.framework */,
				432B648946E385AC0FDF7194 /* Pods_HearMee_HearMeeUITests.framework */,
				E053D249A39C0FB713E5B0DC /* Pods_HearMeeTests.framework */,
			);
			name = Frameworks;
			sourceTree = "<group>";
		};
		E093352197449BE9CFC965CC /* Pods */ = {
			isa = PBXGroup;
			children = (
				CD0B26360546ACFE699F2A5A /* Pods-HearMee.debug.xcconfig */,
				49C94BCF573F200948C86AE7 /* Pods-HearMee.release.xcconfig */,
				B34B5FB92E36B85CC874C5F8 /* Pods-HearMee-HearMeeUITests.debug.xcconfig */,
				D8996E28F8B9C2B3CEE9C32B /* Pods-HearMee-HearMeeUITests.release.xcconfig */,
				5D3BAE91A79BD2BB8A873F25 /* Pods-HearMeeTests.debug.xcconfig */,
				8B5148E081BC362770E1C200 /* Pods-HearMeeTests.release.xcconfig */,
			);
			path = Pods;
			sourceTree = "<group>";
		};
/* End PBXGroup section */

/* Begin PBXNativeTarget section */
		71D2747C269CA2C90063780C /* HearMee */ = {
			isa = PBXNativeTarget;
			buildConfigurationList = 71D274AC269CA2CA0063780C /* Build configuration list for PBXNativeTarget "HearMee" */;
			buildPhases = (
				A22BBAC085E9C3EB1FE46803 /* [CP] Check Pods Manifest.lock */,
				71D27479269CA2C90063780C /* Sources */,
				71D2747A269CA2C90063780C /* Frameworks */,
				71D2747B269CA2C90063780C /* Resources */,
				264C918756155301FB529807 /* [CP] Embed Pods Frameworks */,
			);
			buildRules = (
			);
			dependencies = (
			);
			name = HearMee;
			productName = HearMee;
			productReference = 71D2747D269CA2C90063780C /* HearMee.app */;
			productType = "com.apple.product-type.application";
		};
		71D27497269CA2CA0063780C /* HearMeeTests */ = {
			isa = PBXNativeTarget;
			buildConfigurationList = 71D274AF269CA2CA0063780C /* Build configuration list for PBXNativeTarget "HearMeeTests" */;
			buildPhases = (
				ADC3F3E7AB5284E5E908E740 /* [CP] Check Pods Manifest.lock */,
				71D27494269CA2CA0063780C /* Sources */,
				71D27495269CA2CA0063780C /* Frameworks */,
				71D27496269CA2CA0063780C /* Resources */,
			);
			buildRules = (
			);
			dependencies = (
				71D2749A269CA2CA0063780C /* PBXTargetDependency */,
			);
			name = HearMeeTests;
			productName = HearMeeTests;
			productReference = 71D27498269CA2CA0063780C /* HearMeeTests.xctest */;
			productType = "com.apple.product-type.bundle.unit-test";
		};
		71D274A2269CA2CA0063780C /* HearMeeUITests */ = {
			isa = PBXNativeTarget;
			buildConfigurationList = 71D274B2269CA2CA0063780C /* Build configuration list for PBXNativeTarget "HearMeeUITests" */;
			buildPhases = (
				ECA9F2EA6D13A775A0421D1E /* [CP] Check Pods Manifest.lock */,
				71D2749F269CA2CA0063780C /* Sources */,
				71D274A0269CA2CA0063780C /* Frameworks */,
				71D274A1269CA2CA0063780C /* Resources */,
				BB457EF757593B10224F448C /* [CP] Embed Pods Frameworks */,
			);
			buildRules = (
			);
			dependencies = (
				71D274A5269CA2CA0063780C /* PBXTargetDependency */,
			);
			name = HearMeeUITests;
			productName = HearMeeUITests;
			productReference = 71D274A3269CA2CA0063780C /* HearMeeUITests.xctest */;
			productType = "com.apple.product-type.bundle.ui-testing";
		};
/* End PBXNativeTarget section */

/* Begin PBXProject section */
		71D27475269CA2C90063780C /* Project object */ = {
			isa = PBXProject;
			attributes = {
				LastUpgradeCheck = 1250;
				TargetAttributes = {
					71D2747C269CA2C90063780C = {
						CreatedOnToolsVersion = 12.5.1;
					};
					71D27497269CA2CA0063780C = {
						CreatedOnToolsVersion = 12.5.1;
						TestTargetID = 71D2747C269CA2C90063780C;
					};
					71D274A2269CA2CA0063780C = {
						CreatedOnToolsVersion = 12.5.1;
						TestTargetID = 71D2747C269CA2C90063780C;
					};
				};
			};
			buildConfigurationList = 71D27478269CA2C90063780C /* Build configuration list for PBXProject "HearMee" */;
			compatibilityVersion = "Xcode 9.3";
			developmentRegion = en;
			hasScannedForEncodings = 0;
			knownRegions = (
				en,
				Base,
			);
			mainGroup = 71D27474269CA2C90063780C;
			productRefGroup = 71D2747E269CA2C90063780C /* Products */;
			projectDirPath = "";
			projectRoot = "";
			targets = (
				71D2747C269CA2C90063780C /* HearMee */,
				71D27497269CA2CA0063780C /* HearMeeTests */,
				71D274A2269CA2CA0063780C /* HearMeeUITests */,
			);
		};
/* End PBXProject section */

/* Begin PBXResourcesBuildPhase section */
		71D2747B269CA2C90063780C /* Resources */ = {
			isa = PBXResourcesBuildPhase;
			buildActionMask = 2147483647;
			files = (
				71F73762269CC13500C25ED3 /* Keys.plist in Resources */,
				71D27490269CA2CA0063780C /* LaunchScreen.storyboard in Resources */,
				71D2748D269CA2CA0063780C /* Assets.xcassets in Resources */,
				71D2748B269CA2C90063780C /* Main.storyboard in Resources */,
			);
			runOnlyForDeploymentPostprocessing = 0;
		};
		71D27496269CA2CA0063780C /* Resources */ = {
			isa = PBXResourcesBuildPhase;
			buildActionMask = 2147483647;
			files = (
			);
			runOnlyForDeploymentPostprocessing = 0;
		};
		71D274A1269CA2CA0063780C /* Resources */ = {
			isa = PBXResourcesBuildPhase;
			buildActionMask = 2147483647;
			files = (
			);
			runOnlyForDeploymentPostprocessing = 0;
		};
/* End PBXResourcesBuildPhase section */

/* Begin PBXShellScriptBuildPhase section */
		264C918756155301FB529807 /* [CP] Embed Pods Frameworks */ = {
			isa = PBXShellScriptBuildPhase;
			buildActionMask = 2147483647;
			files = (
			);
			inputFileListPaths = (
				"${PODS_ROOT}/Target Support Files/Pods-HearMee/Pods-HearMee-frameworks-${CONFIGURATION}-input-files.xcfilelist",
			);
			name = "[CP] Embed Pods Frameworks";
			outputFileListPaths = (
				"${PODS_ROOT}/Target Support Files/Pods-HearMee/Pods-HearMee-frameworks-${CONFIGURATION}-output-files.xcfilelist",
			);
			runOnlyForDeploymentPostprocessing = 0;
			shellPath = /bin/sh;
			shellScript = "\"${PODS_ROOT}/Target Support Files/Pods-HearMee/Pods-HearMee-frameworks.sh\"\n";
			showEnvVarsInLog = 0;
		};
		A22BBAC085E9C3EB1FE46803 /* [CP] Check Pods Manifest.lock */ = {
			isa = PBXShellScriptBuildPhase;
			buildActionMask = 2147483647;
			files = (
			);
			inputFileListPaths = (
			);
			inputPaths = (
				"${PODS_PODFILE_DIR_PATH}/Podfile.lock",
				"${PODS_ROOT}/Manifest.lock",
			);
			name = "[CP] Check Pods Manifest.lock";
			outputFileListPaths = (
			);
			outputPaths = (
				"$(DERIVED_FILE_DIR)/Pods-HearMee-checkManifestLockResult.txt",
			);
			runOnlyForDeploymentPostprocessing = 0;
			shellPath = /bin/sh;
			shellScript = "diff \"${PODS_PODFILE_DIR_PATH}/Podfile.lock\" \"${PODS_ROOT}/Manifest.lock\" > /dev/null\nif [ $? != 0 ] ; then\n    # print error to STDERR\n    echo \"error: The sandbox is not in sync with the Podfile.lock. Run 'pod install' or update your CocoaPods installation.\" >&2\n    exit 1\nfi\n# This output is used by Xcode 'outputs' to avoid re-running this script phase.\necho \"SUCCESS\" > \"${SCRIPT_OUTPUT_FILE_0}\"\n";
			showEnvVarsInLog = 0;
		};
		ADC3F3E7AB5284E5E908E740 /* [CP] Check Pods Manifest.lock */ = {
			isa = PBXShellScriptBuildPhase;
			buildActionMask = 2147483647;
			files = (
			);
			inputFileListPaths = (
			);
			inputPaths = (
				"${PODS_PODFILE_DIR_PATH}/Podfile.lock",
				"${PODS_ROOT}/Manifest.lock",
			);
			name = "[CP] Check Pods Manifest.lock";
			outputFileListPaths = (
			);
			outputPaths = (
				"$(DERIVED_FILE_DIR)/Pods-HearMeeTests-checkManifestLockResult.txt",
			);
			runOnlyForDeploymentPostprocessing = 0;
			shellPath = /bin/sh;
			shellScript = "diff \"${PODS_PODFILE_DIR_PATH}/Podfile.lock\" \"${PODS_ROOT}/Manifest.lock\" > /dev/null\nif [ $? != 0 ] ; then\n    # print error to STDERR\n    echo \"error: The sandbox is not in sync with the Podfile.lock. Run 'pod install' or update your CocoaPods installation.\" >&2\n    exit 1\nfi\n# This output is used by Xcode 'outputs' to avoid re-running this script phase.\necho \"SUCCESS\" > \"${SCRIPT_OUTPUT_FILE_0}\"\n";
			showEnvVarsInLog = 0;
		};
		BB457EF757593B10224F448C /* [CP] Embed Pods Frameworks */ = {
			isa = PBXShellScriptBuildPhase;
			buildActionMask = 2147483647;
			files = (
			);
			inputFileListPaths = (
				"${PODS_ROOT}/Target Support Files/Pods-HearMee-HearMeeUITests/Pods-HearMee-HearMeeUITests-frameworks-${CONFIGURATION}-input-files.xcfilelist",
			);
			name = "[CP] Embed Pods Frameworks";
			outputFileListPaths = (
				"${PODS_ROOT}/Target Support Files/Pods-HearMee-HearMeeUITests/Pods-HearMee-HearMeeUITests-frameworks-${CONFIGURATION}-output-files.xcfilelist",
			);
			runOnlyForDeploymentPostprocessing = 0;
			shellPath = /bin/sh;
			shellScript = "\"${PODS_ROOT}/Target Support Files/Pods-HearMee-HearMeeUITests/Pods-HearMee-HearMeeUITests-frameworks.sh\"\n";
			showEnvVarsInLog = 0;
		};
		ECA9F2EA6D13A775A0421D1E /* [CP] Check Pods Manifest.lock */ = {
			isa = PBXShellScriptBuildPhase;
			buildActionMask = 2147483647;
			files = (
			);
			inputFileListPaths = (
			);
			inputPaths = (
				"${PODS_PODFILE_DIR_PATH}/Podfile.lock",
				"${PODS_ROOT}/Manifest.lock",
			);
			name = "[CP] Check Pods Manifest.lock";
			outputFileListPaths = (
			);
			outputPaths = (
				"$(DERIVED_FILE_DIR)/Pods-HearMee-HearMeeUITests-checkManifestLockResult.txt",
			);
			runOnlyForDeploymentPostprocessing = 0;
			shellPath = /bin/sh;
			shellScript = "diff \"${PODS_PODFILE_DIR_PATH}/Podfile.lock\" \"${PODS_ROOT}/Manifest.lock\" > /dev/null\nif [ $? != 0 ] ; then\n    # print error to STDERR\n    echo \"error: The sandbox is not in sync with the Podfile.lock. Run 'pod install' or update your CocoaPods installation.\" >&2\n    exit 1\nfi\n# This output is used by Xcode 'outputs' to avoid re-running this script phase.\necho \"SUCCESS\" > \"${SCRIPT_OUTPUT_FILE_0}\"\n";
			showEnvVarsInLog = 0;
		};
/* End PBXShellScriptBuildPhase section */

/* Begin PBXSourcesBuildPhase section */
		71D27479269CA2C90063780C /* Sources */ = {
			isa = PBXSourcesBuildPhase;
			buildActionMask = 2147483647;
			files = (
				71D274BA269CBE080063780C /* LoginViewController.m in Sources */,
				7196BC3F26A8E43700C600FD /* APIManager.m in Sources */,
				7196BC3826A75AB700C600FD /* ChannelsViewController.m in Sources */,
				71CD70DF269FCE8800F1C990 /* EditProfileViewController.m in Sources */,
				7196BC3526A756AC00C600FD /* Channels.m in Sources */,
				71F73765269CE3B200C25ED3 /* FeedViewController.m in Sources */,
				71AFC3D426A086DD006C4872 /* DetailsViewController.m in Sources */,
				71D27482269CA2C90063780C /* AppDelegate.m in Sources */,
				71CD70D6269FCD8B00F1C990 /* PostCollectionCell.m in Sources */,
				71CD70DC269FCE6E00F1C990 /* ProfileViewController.m in Sources */,
				7196BC2B26A5D9A500C600FD /* ChatCell.m in Sources */,
				7196BC3226A6364200C600FD /* ChatMessage.m in Sources */,
				7196BC3B26A75B0000C600FD /* ChannelsCell.m in Sources */,
				71CD70D3269F39B900F1C990 /* PostCell.m in Sources */,
				71CD70CD269DE6BE00F1C990 /* RecordViewController.m in Sources */,
				7196BC4A26A8E91C00C600FD /* UIImage+Extension.m in Sources */,
				71D27493269CA2CA0063780C /* main.m in Sources */,
				71D27485269CA2C90063780C /* SceneDelegate.m in Sources */,
				7196BC2226A0C58C00C600FD /* ChatViewController.m in Sources */,
				71CD70D0269E034300F1C990 /* Post.m in Sources */,
			);
			runOnlyForDeploymentPostprocessing = 0;
		};
		71D27494269CA2CA0063780C /* Sources */ = {
			isa = PBXSourcesBuildPhase;
			buildActionMask = 2147483647;
			files = (
				71D2749D269CA2CA0063780C /* HearMeeTests.m in Sources */,
			);
			runOnlyForDeploymentPostprocessing = 0;
		};
		71D2749F269CA2CA0063780C /* Sources */ = {
			isa = PBXSourcesBuildPhase;
			buildActionMask = 2147483647;
			files = (
				71D274A8269CA2CA0063780C /* HearMeeUITests.m in Sources */,
			);
			runOnlyForDeploymentPostprocessing = 0;
		};
/* End PBXSourcesBuildPhase section */

/* Begin PBXTargetDependency section */
		71D2749A269CA2CA0063780C /* PBXTargetDependency */ = {
			isa = PBXTargetDependency;
			target = 71D2747C269CA2C90063780C /* HearMee */;
			targetProxy = 71D27499269CA2CA0063780C /* PBXContainerItemProxy */;
		};
		71D274A5269CA2CA0063780C /* PBXTargetDependency */ = {
			isa = PBXTargetDependency;
			target = 71D2747C269CA2C90063780C /* HearMee */;
			targetProxy = 71D274A4269CA2CA0063780C /* PBXContainerItemProxy */;
		};
/* End PBXTargetDependency section */

/* Begin PBXVariantGroup section */
		71D27489269CA2C90063780C /* Main.storyboard */ = {
			isa = PBXVariantGroup;
			children = (
				71D2748A269CA2C90063780C /* Base */,
			);
			name = Main.storyboard;
			sourceTree = "<group>";
		};
		71D2748E269CA2CA0063780C /* LaunchScreen.storyboard */ = {
			isa = PBXVariantGroup;
			children = (
				71D2748F269CA2CA0063780C /* Base */,
			);
			name = LaunchScreen.storyboard;
			sourceTree = "<group>";
		};
/* End PBXVariantGroup section */

/* Begin XCBuildConfiguration section */
		71D274AA269CA2CA0063780C /* Debug */ = {
			isa = XCBuildConfiguration;
			buildSettings = {
				ALWAYS_SEARCH_USER_PATHS = NO;
				CLANG_ANALYZER_NONNULL = YES;
				CLANG_ANALYZER_NUMBER_OBJECT_CONVERSION = YES_AGGRESSIVE;
				CLANG_CXX_LANGUAGE_STANDARD = "gnu++14";
				CLANG_CXX_LIBRARY = "libc++";
				CLANG_ENABLE_MODULES = YES;
				CLANG_ENABLE_OBJC_ARC = YES;
				CLANG_ENABLE_OBJC_WEAK = YES;
				CLANG_WARN_BLOCK_CAPTURE_AUTORELEASING = YES;
				CLANG_WARN_BOOL_CONVERSION = YES;
				CLANG_WARN_COMMA = YES;
				CLANG_WARN_CONSTANT_CONVERSION = YES;
				CLANG_WARN_DEPRECATED_OBJC_IMPLEMENTATIONS = YES;
				CLANG_WARN_DIRECT_OBJC_ISA_USAGE = YES_ERROR;
				CLANG_WARN_DOCUMENTATION_COMMENTS = YES;
				CLANG_WARN_EMPTY_BODY = YES;
				CLANG_WARN_ENUM_CONVERSION = YES;
				CLANG_WARN_INFINITE_RECURSION = YES;
				CLANG_WARN_INT_CONVERSION = YES;
				CLANG_WARN_NON_LITERAL_NULL_CONVERSION = YES;
				CLANG_WARN_OBJC_IMPLICIT_RETAIN_SELF = YES;
				CLANG_WARN_OBJC_LITERAL_CONVERSION = YES;
				CLANG_WARN_OBJC_ROOT_CLASS = YES_ERROR;
				CLANG_WARN_QUOTED_INCLUDE_IN_FRAMEWORK_HEADER = YES;
				CLANG_WARN_RANGE_LOOP_ANALYSIS = YES;
				CLANG_WARN_STRICT_PROTOTYPES = YES;
				CLANG_WARN_SUSPICIOUS_MOVE = YES;
				CLANG_WARN_UNGUARDED_AVAILABILITY = YES_AGGRESSIVE;
				CLANG_WARN_UNREACHABLE_CODE = YES;
				CLANG_WARN__DUPLICATE_METHOD_MATCH = YES;
				COPY_PHASE_STRIP = NO;
				DEBUG_INFORMATION_FORMAT = dwarf;
				ENABLE_STRICT_OBJC_MSGSEND = YES;
				ENABLE_TESTABILITY = YES;
				GCC_C_LANGUAGE_STANDARD = gnu11;
				GCC_DYNAMIC_NO_PIC = NO;
				GCC_NO_COMMON_BLOCKS = YES;
				GCC_OPTIMIZATION_LEVEL = 0;
				GCC_PREPROCESSOR_DEFINITIONS = (
					"DEBUG=1",
					"$(inherited)",
				);
				GCC_WARN_64_TO_32_BIT_CONVERSION = YES;
				GCC_WARN_ABOUT_RETURN_TYPE = YES_ERROR;
				GCC_WARN_UNDECLARED_SELECTOR = YES;
				GCC_WARN_UNINITIALIZED_AUTOS = YES_AGGRESSIVE;
				GCC_WARN_UNUSED_FUNCTION = YES;
				GCC_WARN_UNUSED_VARIABLE = YES;
				IPHONEOS_DEPLOYMENT_TARGET = 14.5;
				MTL_ENABLE_DEBUG_INFO = INCLUDE_SOURCE;
				MTL_FAST_MATH = YES;
				ONLY_ACTIVE_ARCH = YES;
				SDKROOT = iphoneos;
			};
			name = Debug;
		};
		71D274AB269CA2CA0063780C /* Release */ = {
			isa = XCBuildConfiguration;
			buildSettings = {
				ALWAYS_SEARCH_USER_PATHS = NO;
				CLANG_ANALYZER_NONNULL = YES;
				CLANG_ANALYZER_NUMBER_OBJECT_CONVERSION = YES_AGGRESSIVE;
				CLANG_CXX_LANGUAGE_STANDARD = "gnu++14";
				CLANG_CXX_LIBRARY = "libc++";
				CLANG_ENABLE_MODULES = YES;
				CLANG_ENABLE_OBJC_ARC = YES;
				CLANG_ENABLE_OBJC_WEAK = YES;
				CLANG_WARN_BLOCK_CAPTURE_AUTORELEASING = YES;
				CLANG_WARN_BOOL_CONVERSION = YES;
				CLANG_WARN_COMMA = YES;
				CLANG_WARN_CONSTANT_CONVERSION = YES;
				CLANG_WARN_DEPRECATED_OBJC_IMPLEMENTATIONS = YES;
				CLANG_WARN_DIRECT_OBJC_ISA_USAGE = YES_ERROR;
				CLANG_WARN_DOCUMENTATION_COMMENTS = YES;
				CLANG_WARN_EMPTY_BODY = YES;
				CLANG_WARN_ENUM_CONVERSION = YES;
				CLANG_WARN_INFINITE_RECURSION = YES;
				CLANG_WARN_INT_CONVERSION = YES;
				CLANG_WARN_NON_LITERAL_NULL_CONVERSION = YES;
				CLANG_WARN_OBJC_IMPLICIT_RETAIN_SELF = YES;
				CLANG_WARN_OBJC_LITERAL_CONVERSION = YES;
				CLANG_WARN_OBJC_ROOT_CLASS = YES_ERROR;
				CLANG_WARN_QUOTED_INCLUDE_IN_FRAMEWORK_HEADER = YES;
				CLANG_WARN_RANGE_LOOP_ANALYSIS = YES;
				CLANG_WARN_STRICT_PROTOTYPES = YES;
				CLANG_WARN_SUSPICIOUS_MOVE = YES;
				CLANG_WARN_UNGUARDED_AVAILABILITY = YES_AGGRESSIVE;
				CLANG_WARN_UNREACHABLE_CODE = YES;
				CLANG_WARN__DUPLICATE_METHOD_MATCH = YES;
				COPY_PHASE_STRIP = NO;
				DEBUG_INFORMATION_FORMAT = "dwarf-with-dsym";
				ENABLE_NS_ASSERTIONS = NO;
				ENABLE_STRICT_OBJC_MSGSEND = YES;
				GCC_C_LANGUAGE_STANDARD = gnu11;
				GCC_NO_COMMON_BLOCKS = YES;
				GCC_WARN_64_TO_32_BIT_CONVERSION = YES;
				GCC_WARN_ABOUT_RETURN_TYPE = YES_ERROR;
				GCC_WARN_UNDECLARED_SELECTOR = YES;
				GCC_WARN_UNINITIALIZED_AUTOS = YES_AGGRESSIVE;
				GCC_WARN_UNUSED_FUNCTION = YES;
				GCC_WARN_UNUSED_VARIABLE = YES;
				IPHONEOS_DEPLOYMENT_TARGET = 14.5;
				MTL_ENABLE_DEBUG_INFO = NO;
				MTL_FAST_MATH = YES;
				SDKROOT = iphoneos;
				VALIDATE_PRODUCT = YES;
			};
			name = Release;
		};
		71D274AD269CA2CA0063780C /* Debug */ = {
			isa = XCBuildConfiguration;
			baseConfigurationReference = CD0B26360546ACFE699F2A5A /* Pods-HearMee.debug.xcconfig */;
			buildSettings = {
				ASSETCATALOG_COMPILER_APPICON_NAME = AppIcon;
				ASSETCATALOG_COMPILER_GLOBAL_ACCENT_COLOR_NAME = AccentColor;
				CODE_SIGN_STYLE = Automatic;
				DEVELOPMENT_TEAM = 9982BNUYMZ;
				INFOPLIST_FILE = HearMee/Info.plist;
				LD_RUNPATH_SEARCH_PATHS = (
					"$(inherited)",
					"@executable_path/Frameworks",
				);
				PRODUCT_BUNDLE_IDENTIFIER = "com.jose-serrano.HearMee";
				PRODUCT_NAME = "$(TARGET_NAME)";
				TARGETED_DEVICE_FAMILY = 1;
			};
			name = Debug;
		};
		71D274AE269CA2CA0063780C /* Release */ = {
			isa = XCBuildConfiguration;
			baseConfigurationReference = 49C94BCF573F200948C86AE7 /* Pods-HearMee.release.xcconfig */;
			buildSettings = {
				ASSETCATALOG_COMPILER_APPICON_NAME = AppIcon;
				ASSETCATALOG_COMPILER_GLOBAL_ACCENT_COLOR_NAME = AccentColor;
				CODE_SIGN_STYLE = Automatic;
				DEVELOPMENT_TEAM = 9982BNUYMZ;
				INFOPLIST_FILE = HearMee/Info.plist;
				LD_RUNPATH_SEARCH_PATHS = (
					"$(inherited)",
					"@executable_path/Frameworks",
				);
				PRODUCT_BUNDLE_IDENTIFIER = "com.jose-serrano.HearMee";
				PRODUCT_NAME = "$(TARGET_NAME)";
				TARGETED_DEVICE_FAMILY = 1;
			};
			name = Release;
		};
		71D274B0269CA2CA0063780C /* Debug */ = {
			isa = XCBuildConfiguration;
			baseConfigurationReference = 5D3BAE91A79BD2BB8A873F25 /* Pods-HearMeeTests.debug.xcconfig */;
			buildSettings = {
				BUNDLE_LOADER = "$(TEST_HOST)";
				CODE_SIGN_STYLE = Automatic;
				DEVELOPMENT_TEAM = 9982BNUYMZ;
				INFOPLIST_FILE = HearMeeTests/Info.plist;
				IPHONEOS_DEPLOYMENT_TARGET = 14.5;
				LD_RUNPATH_SEARCH_PATHS = (
					"$(inherited)",
					"@executable_path/Frameworks",
					"@loader_path/Frameworks",
				);
				PRODUCT_BUNDLE_IDENTIFIER = "com.jose-serrano.HearMeeTests";
				PRODUCT_NAME = "$(TARGET_NAME)";
				TARGETED_DEVICE_FAMILY = "1,2";
				TEST_HOST = "$(BUILT_PRODUCTS_DIR)/HearMee.app/HearMee";
			};
			name = Debug;
		};
		71D274B1269CA2CA0063780C /* Release */ = {
			isa = XCBuildConfiguration;
			baseConfigurationReference = 8B5148E081BC362770E1C200 /* Pods-HearMeeTests.release.xcconfig */;
			buildSettings = {
				BUNDLE_LOADER = "$(TEST_HOST)";
				CODE_SIGN_STYLE = Automatic;
				DEVELOPMENT_TEAM = 9982BNUYMZ;
				INFOPLIST_FILE = HearMeeTests/Info.plist;
				IPHONEOS_DEPLOYMENT_TARGET = 14.5;
				LD_RUNPATH_SEARCH_PATHS = (
					"$(inherited)",
					"@executable_path/Frameworks",
					"@loader_path/Frameworks",
				);
				PRODUCT_BUNDLE_IDENTIFIER = "com.jose-serrano.HearMeeTests";
				PRODUCT_NAME = "$(TARGET_NAME)";
				TARGETED_DEVICE_FAMILY = "1,2";
				TEST_HOST = "$(BUILT_PRODUCTS_DIR)/HearMee.app/HearMee";
			};
			name = Release;
		};
		71D274B3269CA2CA0063780C /* Debug */ = {
			isa = XCBuildConfiguration;
			baseConfigurationReference = B34B5FB92E36B85CC874C5F8 /* Pods-HearMee-HearMeeUITests.debug.xcconfig */;
			buildSettings = {
				CODE_SIGN_STYLE = Automatic;
				DEVELOPMENT_TEAM = 9982BNUYMZ;
				INFOPLIST_FILE = HearMeeUITests/Info.plist;
				LD_RUNPATH_SEARCH_PATHS = (
					"$(inherited)",
					"@executable_path/Frameworks",
					"@loader_path/Frameworks",
				);
				PRODUCT_BUNDLE_IDENTIFIER = "com.jose-serrano.HearMeeUITests";
				PRODUCT_NAME = "$(TARGET_NAME)";
				TARGETED_DEVICE_FAMILY = "1,2";
				TEST_TARGET_NAME = HearMee;
			};
			name = Debug;
		};
		71D274B4269CA2CA0063780C /* Release */ = {
			isa = XCBuildConfiguration;
			baseConfigurationReference = D8996E28F8B9C2B3CEE9C32B /* Pods-HearMee-HearMeeUITests.release.xcconfig */;
			buildSettings = {
				CODE_SIGN_STYLE = Automatic;
				DEVELOPMENT_TEAM = 9982BNUYMZ;
				INFOPLIST_FILE = HearMeeUITests/Info.plist;
				LD_RUNPATH_SEARCH_PATHS = (
					"$(inherited)",
					"@executable_path/Frameworks",
					"@loader_path/Frameworks",
				);
				PRODUCT_BUNDLE_IDENTIFIER = "com.jose-serrano.HearMeeUITests";
				PRODUCT_NAME = "$(TARGET_NAME)";
				TARGETED_DEVICE_FAMILY = "1,2";
				TEST_TARGET_NAME = HearMee;
			};
			name = Release;
		};
/* End XCBuildConfiguration section */

/* Begin XCConfigurationList section */
		71D27478269CA2C90063780C /* Build configuration list for PBXProject "HearMee" */ = {
			isa = XCConfigurationList;
			buildConfigurations = (
				71D274AA269CA2CA0063780C /* Debug */,
				71D274AB269CA2CA0063780C /* Release */,
			);
			defaultConfigurationIsVisible = 0;
			defaultConfigurationName = Release;
		};
		71D274AC269CA2CA0063780C /* Build configuration list for PBXNativeTarget "HearMee" */ = {
			isa = XCConfigurationList;
			buildConfigurations = (
				71D274AD269CA2CA0063780C /* Debug */,
				71D274AE269CA2CA0063780C /* Release */,
			);
			defaultConfigurationIsVisible = 0;
			defaultConfigurationName = Release;
		};
		71D274AF269CA2CA0063780C /* Build configuration list for PBXNativeTarget "HearMeeTests" */ = {
			isa = XCConfigurationList;
			buildConfigurations = (
				71D274B0269CA2CA0063780C /* Debug */,
				71D274B1269CA2CA0063780C /* Release */,
			);
			defaultConfigurationIsVisible = 0;
			defaultConfigurationName = Release;
		};
		71D274B2269CA2CA0063780C /* Build configuration list for PBXNativeTarget "HearMeeUITests" */ = {
			isa = XCConfigurationList;
			buildConfigurations = (
				71D274B3269CA2CA0063780C /* Debug */,
				71D274B4269CA2CA0063780C /* Release */,
			);
			defaultConfigurationIsVisible = 0;
			defaultConfigurationName = Release;
		};
/* End XCConfigurationList section */
	};
	rootObject = 71D27475269CA2C90063780C /* Project object */;
}
